
Microsoft Visual Studio Solution File, Format Version 12.00
# Visual Studio Version 17
VisualStudioVersion = 17.9.34723.18
MinimumVisualStudioVersion = 10.0.40219.1
Project("{FAE04EC0-301F-11D3-BF4B-00C04F79EFBC}") = "HomeDashboardBatch", "HomeDashboardBatch\HomeDashboardBatch.csproj", "{E755F11F-5099-4C4C-9525-F449074E7B00}"
EndProject
Project("{2150E333-8FDC-42A3-9474-1A3956D46DE8}") = "SolutionItems", "SolutionItems", "{A248948C-B498-43DA-89B8-53A9C0F37E6A}"
	ProjectSection(SolutionItems) = preProject
		.editorconfig = .editorconfig
		.gitattributes = .gitattributes
		.gitignore = .gitignore
		Directory.Build.props = Directory.Build.props
		Directory.Build.targets = Directory.Build.targets
		Jenkinsfile = Jenkinsfile
	EndProjectSection
EndProject
Global
	GlobalSection(SolutionConfigurationPlatforms) = preSolution
		Debug|Any CPU = Debug|Any CPU
		Release|Any CPU = Release|Any CPU
	EndGlobalSection
	GlobalSection(ProjectConfigurationPlatforms) = postSolution
		{E755F11F-5099-4C4C-9525-F449074E7B00}.Debug|Any CPU.ActiveCfg = Debug|Any CPU
		{E755F11F-5099-4C4C-9525-F449074E7B00}.Debug|Any CPU.Build.0 = Debug|Any CPU
		{E755F11F-5099-4C4C-9525-F449074E7B00}.Release|Any CPU.ActiveCfg = Release|Any CPU
		{E755F11F-5099-4C4C-9525-F449074E7B00}.Release|Any CPU.Build.0 = Release|Any CPU
	EndGlobalSection
	GlobalSection(SolutionProperties) = preSolution
		HideSolutionNode = FALSE
	EndGlobalSection
	GlobalSection(ExtensibilityGlobals) = postSolution
		SolutionGuid = {EBBC84F6-C4C7-413E-8E35-FD3EF84EC49A}
	EndGlobalSection
EndGlobal
